
Microsoft Visual Studio Solution File, Format Version 12.00
# Visual Studio Version 17
VisualStudioVersion = 17.0.31903.59
MinimumVisualStudioVersion = 10.0.40219.1
Project("{FAE04EC0-301F-11D3-BF4B-00C04F79EFBC}") = "TinyMcePOC.Server", "TinyMcePOC\Server\TinyMcePOC.Server.csproj", "{BF5062AE-8D58-4CC2-AFE2-A97AD101E02E}"
EndProject
Project("{FAE04EC0-301F-11D3-BF4B-00C04F79EFBC}") = "TinyMcePOC.Client", "TinyMcePOC\Client\TinyMcePOC.Client.csproj", "{A83B13BE-CB0C-4303-967B-10E37A017D44}"
EndProject
Project("{FAE04EC0-301F-11D3-BF4B-00C04F79EFBC}") = "TinyMcePOC.Shared", "TinyMcePOC\Shared\TinyMcePOC.Shared.csproj", "{D28652DF-D8A8-4BCD-84D3-E1E23A37C937}"
EndProject
Global
	GlobalSection(SolutionConfigurationPlatforms) = preSolution
		Debug|Any CPU = Debug|Any CPU
		Release|Any CPU = Release|Any CPU
	EndGlobalSection
	GlobalSection(ProjectConfigurationPlatforms) = postSolution
		{BF5062AE-8D58-4CC2-AFE2-A97AD101E02E}.Debug|Any CPU.ActiveCfg = Debug|Any CPU
		{BF5062AE-8D58-4CC2-AFE2-A97AD101E02E}.Debug|Any CPU.Build.0 = Debug|Any CPU
		{BF5062AE-8D58-4CC2-AFE2-A97AD101E02E}.Release|Any CPU.ActiveCfg = Release|Any CPU
		{BF5062AE-8D58-4CC2-AFE2-A97AD101E02E}.Release|Any CPU.Build.0 = Release|Any CPU
		{A83B13BE-CB0C-4303-967B-10E37A017D44}.Debug|Any CPU.ActiveCfg = Debug|Any CPU
		{A83B13BE-CB0C-4303-967B-10E37A017D44}.Debug|Any CPU.Build.0 = Debug|Any CPU
		{A83B13BE-CB0C-4303-967B-10E37A017D44}.Release|Any CPU.ActiveCfg = Release|Any CPU
		{A83B13BE-CB0C-4303-967B-10E37A017D44}.Release|Any CPU.Build.0 = Release|Any CPU
		{D28652DF-D8A8-4BCD-84D3-E1E23A37C937}.Debug|Any CPU.ActiveCfg = Debug|Any CPU
		{D28652DF-D8A8-4BCD-84D3-E1E23A37C937}.Debug|Any CPU.Build.0 = Debug|Any CPU
		{D28652DF-D8A8-4BCD-84D3-E1E23A37C937}.Release|Any CPU.ActiveCfg = Release|Any CPU
		{D28652DF-D8A8-4BCD-84D3-E1E23A37C937}.Release|Any CPU.Build.0 = Release|Any CPU
	EndGlobalSection
	GlobalSection(SolutionProperties) = preSolution
		HideSolutionNode = FALSE
	EndGlobalSection
	GlobalSection(ExtensibilityGlobals) = postSolution
		SolutionGuid = {161ECCE8-DE75-4B27-A9BA-BDB7BC214148}
	EndGlobalSection
EndGlobal
